
Microsoft Visual Studio Solution File, Format Version 12.00
# Visual Studio Version 17
Project("{2150E333-8FDC-42A3-9474-1A3956D46DE8}") = "CMakePredefinedTargets", "CMakePredefinedTargets", "{78E247A8-89FA-37FB-8106-8F6E543A19D4}"
EndProject
Project("{2150E333-8FDC-42A3-9474-1A3956D46DE8}") = "ExternalProjectTargets", "ExternalProjectTargets", "{016D72F0-751D-3A0A-A945-21E136A1BA83}"
EndProject
Project("{2150E333-8FDC-42A3-9474-1A3956D46DE8}") = "glm-populate", "ExternalProjectTargets\glm-populate", "{59762BC1-2A39-3F2F-BB9F-FA5E88112E23}"
EndProject
Project("{8BC9CEB8-8B4A-11D0-8D11-00A0C91BC942}") = "ALL_BUILD", "ALL_BUILD.vcxproj", "{111110FB-7BB2-3123-8465-FA031E1FB014}"
	ProjectSection(ProjectDependencies) = postProject
		{FD80EB00-84AB-357E-B2AC-281EA9F37E40} = {FD80EB00-84AB-357E-B2AC-281EA9F37E40}
		{758DB89B-EF26-32BD-AC20-266BE60C5E94} = {758DB89B-EF26-32BD-AC20-266BE60C5E94}
	EndProjectSection
EndProject
Project("{8BC9CEB8-8B4A-11D0-8D11-00A0C91BC942}") = "ZERO_CHECK", "ZERO_CHECK.vcxproj", "{FD80EB00-84AB-357E-B2AC-281EA9F37E40}"
	ProjectSection(ProjectDependencies) = postProject
	EndProjectSection
EndProject
Project("{8BC9CEB8-8B4A-11D0-8D11-00A0C91BC942}") = "glm-populate", "glm-populate.vcxproj", "{758DB89B-EF26-32BD-AC20-266BE60C5E94}"
	ProjectSection(ProjectDependencies) = postProject
		{FD80EB00-84AB-357E-B2AC-281EA9F37E40} = {FD80EB00-84AB-357E-B2AC-281EA9F37E40}
	EndProjectSection
EndProject
Global
	GlobalSection(SolutionConfigurationPlatforms) = preSolution
		Debug|x64 = Debug|x64
	EndGlobalSection
	GlobalSection(ProjectConfigurationPlatforms) = postSolution
		{111110FB-7BB2-3123-8465-FA031E1FB014}.Debug|x64.ActiveCfg = Debug|x64
		{FD80EB00-84AB-357E-B2AC-281EA9F37E40}.Debug|x64.ActiveCfg = Debug|x64
		{FD80EB00-84AB-357E-B2AC-281EA9F37E40}.Debug|x64.Build.0 = Debug|x64
		{758DB89B-EF26-32BD-AC20-266BE60C5E94}.Debug|x64.ActiveCfg = Debug|x64
		{758DB89B-EF26-32BD-AC20-266BE60C5E94}.Debug|x64.Build.0 = Debug|x64
	EndGlobalSection
	GlobalSection(NestedProjects) = preSolution
		{111110FB-7BB2-3123-8465-FA031E1FB014} = {78E247A8-89FA-37FB-8106-8F6E543A19D4}
		{FD80EB00-84AB-357E-B2AC-281EA9F37E40} = {78E247A8-89FA-37FB-8106-8F6E543A19D4}
		{59762BC1-2A39-3F2F-BB9F-FA5E88112E23} = {016D72F0-751D-3A0A-A945-21E136A1BA83}
		{758DB89B-EF26-32BD-AC20-266BE60C5E94} = {59762BC1-2A39-3F2F-BB9F-FA5E88112E23}
	EndGlobalSection
	GlobalSection(ExtensibilityGlobals) = postSolution
		SolutionGuid = {D8E6F837-70AE-3448-9B41-2DD6D3B71ACB}
	EndGlobalSection
	GlobalSection(ExtensibilityAddIns) = postSolution
	EndGlobalSection
EndGlobal
